// !$*UTF8*$!
{
	archiveVersion = 1;
	classes = {
	};
	objectVersion = 77;
	objects = {

/* Begin PBXBuildFile section */
		623954CE2F6AD8FF00C4F36F /* SizzleScriptApp.swift in Sources */ = {isa = PBXBuildFile; fileRef = 623954CB2F6AD8FF00C4F36F /* SizzleScriptApp.swift */; };
		623954CF2F6AD8FF00C4F36F /* Assets.xcassets in Resources */ = {isa = PBXBuildFile; fileRef = 623954C82F6AD8FF00C4F36F /* Assets.xcassets */; };
		623954D82F6AD93F00C4F36F /* LoginUIView.swift in Sources */ = {isa = PBXBuildFile; fileRef = 623954D72F6AD93F00C4F36F /* LoginUIView.swift */; };
		623954E22F6B5BF700C4F36F /* LoginViewModel.swift in Sources */ = {isa = PBXBuildFile; fileRef = 623954E12F6B5BF700C4F36F /* LoginViewModel.swift */; };
		623954E72F6B607400C4F36F /* LoginUseCase.swift in Sources */ = {isa = PBXBuildFile; fileRef = 623954E42F6B5D5600C4F36F /* LoginUseCase.swift */; };
		62A29BD42F6C21C80091F0EF /* ApiClient.swift in Sources */ = {isa = PBXBuildFile; fileRef = 62A29BD22F6C20C20091F0EF /* ApiClient.swift */; };
		62A29BD52F6C21CD0091F0EF /* HttpMethod.swift in Sources */ = {isa = PBXBuildFile; fileRef = 62A29BD32F6C21A70091F0EF /* HttpMethod.swift */; };
		62A29BD72F6C22AC0091F0EF /* APIError.swift in Sources */ = {isa = PBXBuildFile; fileRef = 62A29BD62F6C22A80091F0EF /* APIError.swift */; };
		62A29BD92F6C254D0091F0EF /* User.swift in Sources */ = {isa = PBXBuildFile; fileRef = 62A29BD82F6C25480091F0EF /* User.swift */; };
		62A29BDB2F6C25B00091F0EF /* AuthRepositoryProtocol.swift in Sources */ = {isa = PBXBuildFile; fileRef = 62A29BDA2F6C25A70091F0EF /* AuthRepositoryProtocol.swift */; };
/* End PBXBuildFile section */

/* Begin PBXContainerItemProxy section */
		62A9DBA42F69D6DB00A413DC /* PBXContainerItemProxy */ = {
			isa = PBXContainerItemProxy;
			containerPortal = 62A9DB8C2F69D6DB00A413DC /* Project object */;
			proxyType = 1;
			remoteGlobalIDString = 62A9DB932F69D6DB00A413DC;
			remoteInfo = SizzleScript;
		};
		62A9DBAE2F69D6DB00A413DC /* PBXContainerItemProxy */ = {
			isa = PBXContainerItemProxy;
			containerPortal = 62A9DB8C2F69D6DB00A413DC /* Project object */;
			proxyType = 1;
			remoteGlobalIDString = 62A9DB932F69D6DB00A413DC;
			remoteInfo = SizzleScript;
		};
/* End PBXContainerItemProxy section */

/* Begin PBXFileReference section */
		623954C82F6AD8FF00C4F36F /* Assets.xcassets */ = {isa = PBXFileReference; lastKnownFileType = folder.assetcatalog; path = Assets.xcassets; sourceTree = "<group>"; };
		623954CB2F6AD8FF00C4F36F /* SizzleScriptApp.swift */ = {isa = PBXFileReference; lastKnownFileType = sourcecode.swift; path = SizzleScriptApp.swift; sourceTree = "<group>"; };
		623954D72F6AD93F00C4F36F /* LoginUIView.swift */ = {isa = PBXFileReference; lastKnownFileType = sourcecode.swift; path = LoginUIView.swift; sourceTree = "<group>"; };
		623954E12F6B5BF700C4F36F /* LoginViewModel.swift */ = {isa = PBXFileReference; lastKnownFileType = sourcecode.swift; path = LoginViewModel.swift; sourceTree = "<group>"; };
		623954E42F6B5D5600C4F36F /* LoginUseCase.swift */ = {isa = PBXFileReference; lastKnownFileType = sourcecode.swift; path = LoginUseCase.swift; sourceTree = "<group>"; };
		62A29BD22F6C20C20091F0EF /* ApiClient.swift */ = {isa = PBXFileReference; lastKnownFileType = sourcecode.swift; path = ApiClient.swift; sourceTree = "<group>"; };
		62A29BD32F6C21A70091F0EF /* HttpMethod.swift */ = {isa = PBXFileReference; lastKnownFileType = sourcecode.swift; path = HttpMethod.swift; sourceTree = "<group>"; };
		62A29BD62F6C22A80091F0EF /* APIError.swift */ = {isa = PBXFileReference; lastKnownFileType = sourcecode.swift; path = APIError.swift; sourceTree = "<group>"; };
		62A29BD82F6C25480091F0EF /* User.swift */ = {isa = PBXFileReference; lastKnownFileType = sourcecode.swift; path = User.swift; sourceTree = "<group>"; };
		62A29BDA2F6C25A70091F0EF /* AuthRepositoryProtocol.swift */ = {isa = PBXFileReference; lastKnownFileType = sourcecode.swift; path = AuthRepositoryProtocol.swift; sourceTree = "<group>"; };
		62A29BDE2F6C27660091F0EF /* AuthApi.swift */ = {isa = PBXFileReference; lastKnownFileType = sourcecode.swift; path = AuthApi.swift; sourceTree = "<group>"; };
		62A29BE12F6C35960091F0EF /* KeyChainManager.swift */ = {isa = PBXFileReference; lastKnownFileType = sourcecode.swift; path = KeyChainManager.swift; sourceTree = "<group>"; };
		62A29BE32F6C41A50091F0EF /* AuthRepositoryImpl.swift */ = {isa = PBXFileReference; lastKnownFileType = sourcecode.swift; path = AuthRepositoryImpl.swift; sourceTree = "<group>"; };
		62A9DB942F69D6DB00A413DC /* SizzleScript.app */ = {isa = PBXFileReference; explicitFileType = wrapper.application; includeInIndex = 0; path = SizzleScript.app; sourceTree = BUILT_PRODUCTS_DIR; };
		62A9DBA32F69D6DB00A413DC /* SizzleScriptTests.xctest */ = {isa = PBXFileReference; explicitFileType = wrapper.cfbundle; includeInIndex = 0; path = SizzleScriptTests.xctest; sourceTree = BUILT_PRODUCTS_DIR; };
		62A9DBAD2F69D6DB00A413DC /* SizzleScriptUITests.xctest */ = {isa = PBXFileReference; explicitFileType = wrapper.cfbundle; includeInIndex = 0; path = SizzleScriptUITests.xctest; sourceTree = BUILT_PRODUCTS_DIR; };
/* End PBXFileReference section */

/* Begin PBXFileSystemSynchronizedRootGroup section */
		62A9DBA62F69D6DB00A413DC /* SizzleScriptTests */ = {
			isa = PBXFileSystemSynchronizedRootGroup;
			path = SizzleScriptTests;
			sourceTree = "<group>";
		};
		62A9DBB02F69D6DB00A413DC /* SizzleScriptUITests */ = {
			isa = PBXFileSystemSynchronizedRootGroup;
			path = SizzleScriptUITests;
			sourceTree = "<group>";
		};
/* End PBXFileSystemSynchronizedRootGroup section */

/* Begin PBXFrameworksBuildPhase section */
		62A9DB912F69D6DB00A413DC /* Frameworks */ = {
			isa = PBXFrameworksBuildPhase;
			buildActionMask = 2147483647;
			files = (
			);
			runOnlyForDeploymentPostprocessing = 0;
		};
		62A9DBA02F69D6DB00A413DC /* Frameworks */ = {
			isa = PBXFrameworksBuildPhase;
			buildActionMask = 2147483647;
			files = (
			);
			runOnlyForDeploymentPostprocessing = 0;
		};
		62A9DBAA2F69D6DB00A413DC /* Frameworks */ = {
			isa = PBXFrameworksBuildPhase;
			buildActionMask = 2147483647;
			files = (
			);
			runOnlyForDeploymentPostprocessing = 0;
		};
/* End PBXFrameworksBuildPhase section */

/* Begin PBXGroup section */
		623954D92F6B5AD000C4F36F /* App */ = {
			isa = PBXGroup;
			children = (
				623954CB2F6AD8FF00C4F36F /* SizzleScriptApp.swift */,
			);
			path = App;
			sourceTree = "<group>";
		};
		623954DB2F6B5AE800C4F36F /* Presentation */ = {
			isa = PBXGroup;
			children = (
				623954DE2F6B5B3C00C4F36F /* Login */,
			);
			path = Presentation;
			sourceTree = "<group>";
		};
		623954DC2F6B5AF100C4F36F /* Domain */ = {
			isa = PBXGroup;
			children = (
				623954E52F6B5D7200C4F36F /* Modals */,
				623954E32F6B5D4D00C4F36F /* UseCases */,
			);
			path = Domain;
			sourceTree = "<group>";
		};
		623954DD2F6B5AFC00C4F36F /* Data */ = {
			isa = PBXGroup;
			children = (
				62A29BE22F6C418D0091F0EF /* Repositories */,
				62A29BDC2F6C27550091F0EF /* DataSource */,
			);
			path = Data;
			sourceTree = "<group>";
		};
		623954DE2F6B5B3C00C4F36F /* Login */ = {
			isa = PBXGroup;
			children = (
				623954E12F6B5BF700C4F36F /* LoginViewModel.swift */,
				623954D72F6AD93F00C4F36F /* LoginUIView.swift */,
			);
			path = Login;
			sourceTree = "<group>";
		};
		623954DF2F6B5B7100C4F36F /* Core */ = {
			isa = PBXGroup;
			children = (
				62A29BD12F6C20B80091F0EF /* Networking */,
			);
			path = Core;
			sourceTree = "<group>";
		};
		623954E02F6B5B7700C4F36F /* Resouces */ = {
			isa = PBXGroup;
			children = (
				623954C82F6AD8FF00C4F36F /* Assets.xcassets */,
			);
			path = Resouces;
			sourceTree = "<group>";
		};
		623954E32F6B5D4D00C4F36F /* UseCases */ = {
			isa = PBXGroup;
			children = (
				623954E42F6B5D5600C4F36F /* LoginUseCase.swift */,
			);
			path = UseCases;
			sourceTree = "<group>";
		};
		623954E52F6B5D7200C4F36F /* Modals */ = {
			isa = PBXGroup;
			children = (
				62A29BD82F6C25480091F0EF /* User.swift */,
			);
			path = Modals;
			sourceTree = "<group>";
		};
		623954E62F6B5D7900C4F36F /* Repositories */ = {
			isa = PBXGroup;
			children = (
				62A29BDA2F6C25A70091F0EF /* AuthRepositoryProtocol.swift */,
			);
			path = Repositories;
			sourceTree = "<group>";
		};
		62A29BD12F6C20B80091F0EF /* Networking */ = {
			isa = PBXGroup;
			children = (
				62A29BD62F6C22A80091F0EF /* APIError.swift */,
				62A29BD32F6C21A70091F0EF /* HttpMethod.swift */,
				62A29BD22F6C20C20091F0EF /* ApiClient.swift */,
			);
			path = Networking;
			sourceTree = "<group>";
		};
		62A29BDC2F6C27550091F0EF /* DataSource */ = {
			isa = PBXGroup;
			children = (
				62A29BE02F6C358F0091F0EF /* Local */,
				62A29BDD2F6C275D0091F0EF /* Remote */,
			);
			path = DataSource;
			sourceTree = "<group>";
		};
		62A29BDD2F6C275D0091F0EF /* Remote */ = {
			isa = PBXGroup;
			children = (
				62A29BDE2F6C27660091F0EF /* AuthApi.swift */,
			);
			path = Remote;
			sourceTree = "<group>";
		};
		62A29BE02F6C358F0091F0EF /* Local */ = {
			isa = PBXGroup;
			children = (
				62A29BE12F6C35960091F0EF /* KeyChainManager.swift */,
			);
			path = Local;
			sourceTree = "<group>";
		};
		62A29BE22F6C418D0091F0EF /* Repositories */ = {
			isa = PBXGroup;
			children = (
				62A29BE32F6C41A50091F0EF /* AuthRepositoryImpl.swift */,
			);
			path = Repositories;
			sourceTree = "<group>";
		};
		62A9DB8B2F69D6DB00A413DC = {
			isa = PBXGroup;
			children = (
				623954E62F6B5D7900C4F36F /* Repositories */,
				623954E02F6B5B7700C4F36F /* Resouces */,
				623954DF2F6B5B7100C4F36F /* Core */,
				623954DD2F6B5AFC00C4F36F /* Data */,
				623954DC2F6B5AF100C4F36F /* Domain */,
				623954DB2F6B5AE800C4F36F /* Presentation */,
				623954D92F6B5AD000C4F36F /* App */,
				62A9DBA62F69D6DB00A413DC /* SizzleScriptTests */,
				62A9DBB02F69D6DB00A413DC /* SizzleScriptUITests */,
				62A9DB952F69D6DB00A413DC /* Products */,
			);
			sourceTree = "<group>";
		};
		62A9DB952F69D6DB00A413DC /* Products */ = {
			isa = PBXGroup;
			children = (
				62A9DB942F69D6DB00A413DC /* SizzleScript.app */,
				62A9DBA32F69D6DB00A413DC /* SizzleScriptTests.xctest */,
				62A9DBAD2F69D6DB00A413DC /* SizzleScriptUITests.xctest */,
			);
			name = Products;
			sourceTree = "<group>";
		};
/* End PBXGroup section */

/* Begin PBXNativeTarget section */
		62A9DB932F69D6DB00A413DC /* SizzleScript */ = {
			isa = PBXNativeTarget;
			buildConfigurationList = 62A9DBB72F69D6DB00A413DC /* Build configuration list for PBXNativeTarget "SizzleScript" */;
			buildPhases = (
				62A9DB902F69D6DB00A413DC /* Sources */,
				62A9DB912F69D6DB00A413DC /* Frameworks */,
				62A9DB922F69D6DB00A413DC /* Resources */,
			);
			buildRules = (
			);
			dependencies = (
			);
			name = SizzleScript;
			packageProductDependencies = (
			);
			productName = SizzleScript;
			productReference = 62A9DB942F69D6DB00A413DC /* SizzleScript.app */;
			productType = "com.apple.product-type.application";
		};
		62A9DBA22F69D6DB00A413DC /* SizzleScriptTests */ = {
			isa = PBXNativeTarget;
			buildConfigurationList = 62A9DBBA2F69D6DB00A413DC /* Build configuration list for PBXNativeTarget "SizzleScriptTests" */;
			buildPhases = (
				62A9DB9F2F69D6DB00A413DC /* Sources */,
				62A9DBA02F69D6DB00A413DC /* Frameworks */,
				62A9DBA12F69D6DB00A413DC /* Resources */,
			);
			buildRules = (
			);
			dependencies = (
				62A9DBA52F69D6DB00A413DC /* PBXTargetDependency */,
			);
			fileSystemSynchronizedGroups = (
				62A9DBA62F69D6DB00A413DC /* SizzleScriptTests */,
			);
			name = SizzleScriptTests;
			packageProductDependencies = (
			);
			productName = SizzleScriptTests;
			productReference = 62A9DBA32F69D6DB00A413DC /* SizzleScriptTests.xctest */;
			productType = "com.apple.product-type.bundle.unit-test";
		};
		62A9DBAC2F69D6DB00A413DC /* SizzleScriptUITests */ = {
			isa = PBXNativeTarget;
			buildConfigurationList = 62A9DBBD2F69D6DB00A413DC /* Build configuration list for PBXNativeTarget "SizzleScriptUITests" */;
			buildPhases = (
				62A9DBA92F69D6DB00A413DC /* Sources */,
				62A9DBAA2F69D6DB00A413DC /* Frameworks */,
				62A9DBAB2F69D6DB00A413DC /* Resources */,
			);
			buildRules = (
			);
			dependencies = (
				62A9DBAF2F69D6DB00A413DC /* PBXTargetDependency */,
			);
			fileSystemSynchronizedGroups = (
				62A9DBB02F69D6DB00A413DC /* SizzleScriptUITests */,
			);
			name = SizzleScriptUITests;
			packageProductDependencies = (
			);
			productName = SizzleScriptUITests;
			productReference = 62A9DBAD2F69D6DB00A413DC /* SizzleScriptUITests.xctest */;
			productType = "com.apple.product-type.bundle.ui-testing";
		};
/* End PBXNativeTarget section */

/* Begin PBXProject section */
		62A9DB8C2F69D6DB00A413DC /* Project object */ = {
			isa = PBXProject;
			attributes = {
				BuildIndependentTargetsInParallel = 1;
				LastSwiftUpdateCheck = 2620;
				LastUpgradeCheck = 2620;
				TargetAttributes = {
					62A9DB932F69D6DB00A413DC = {
						CreatedOnToolsVersion = 26.2;
					};
					62A9DBA22F69D6DB00A413DC = {
						CreatedOnToolsVersion = 26.2;
						TestTargetID = 62A9DB932F69D6DB00A413DC;
					};
					62A9DBAC2F69D6DB00A413DC = {
						CreatedOnToolsVersion = 26.2;
						TestTargetID = 62A9DB932F69D6DB00A413DC;
					};
				};
			};
			buildConfigurationList = 62A9DB8F2F69D6DB00A413DC /* Build configuration list for PBXProject "SizzleScript" */;
			developmentRegion = en;
			hasScannedForEncodings = 0;
			knownRegions = (
				en,
				Base,
			);
			mainGroup = 62A9DB8B2F69D6DB00A413DC;
			minimizedProjectReferenceProxies = 1;
			preferredProjectObjectVersion = 77;
			productRefGroup = 62A9DB952F69D6DB00A413DC /* Products */;
			projectDirPath = "";
			projectRoot = "";
			targets = (
				62A9DB932F69D6DB00A413DC /* SizzleScript */,
				62A9DBA22F69D6DB00A413DC /* SizzleScriptTests */,
				62A9DBAC2F69D6DB00A413DC /* SizzleScriptUITests */,
			);
		};
/* End PBXProject section */

/* Begin PBXResourcesBuildPhase section */
		62A9DB922F69D6DB00A413DC /* Resources */ = {
			isa = PBXResourcesBuildPhase;
			buildActionMask = 2147483647;
			files = (
				623954CF2F6AD8FF00C4F36F /* Assets.xcassets in Resources */,
			);
			runOnlyForDeploymentPostprocessing = 0;
		};
		62A9DBA12F69D6DB00A413DC /* Resources */ = {
			isa = PBXResourcesBuildPhase;
			buildActionMask = 2147483647;
			files = (
			);
			runOnlyForDeploymentPostprocessing = 0;
		};
		62A9DBAB2F69D6DB00A413DC /* Resources */ = {
			isa = PBXResourcesBuildPhase;
			buildActionMask = 2147483647;
			files = (
			);
			runOnlyForDeploymentPostprocessing = 0;
		};
/* End PBXResourcesBuildPhase section */

/* Begin PBXSourcesBuildPhase section */
		62A9DB902F69D6DB00A413DC /* Sources */ = {
			isa = PBXSourcesBuildPhase;
			buildActionMask = 2147483647;
			files = (
				623954D82F6AD93F00C4F36F /* LoginUIView.swift in Sources */,
				623954E22F6B5BF700C4F36F /* LoginViewModel.swift in Sources */,
				623954CE2F6AD8FF00C4F36F /* SizzleScriptApp.swift in Sources */,
				623954E72F6B607400C4F36F /* LoginUseCase.swift in Sources */,
				62A29BD92F6C254D0091F0EF /* User.swift in Sources */,
				62A29BD52F6C21CD0091F0EF /* HttpMethod.swift in Sources */,
				62A29BD42F6C21C80091F0EF /* ApiClient.swift in Sources */,
				62A29BDB2F6C25B00091F0EF /* AuthRepositoryProtocol.swift in Sources */,
				62A29BD72F6C22AC0091F0EF /* APIError.swift in Sources */,
			);
			runOnlyForDeploymentPostprocessing = 0;
		};
		62A9DB9F2F69D6DB00A413DC /* Sources */ = {
			isa = PBXSourcesBuildPhase;
			buildActionMask = 2147483647;
			files = (
			);
			runOnlyForDeploymentPostprocessing = 0;
		};
		62A9DBA92F69D6DB00A413DC /* Sources */ = {
			isa = PBXSourcesBuildPhase;
			buildActionMask = 2147483647;
			files = (
			);
			runOnlyForDeploymentPostprocessing = 0;
		};
/* End PBXSourcesBuildPhase section */

/* Begin PBXTargetDependency section */
		62A9DBA52F69D6DB00A413DC /* PBXTargetDependency */ = {
			isa = PBXTargetDependency;
			target = 62A9DB932F69D6DB00A413DC /* SizzleScript */;
			targetProxy = 62A9DBA42F69D6DB00A413DC /* PBXContainerItemProxy */;
		};
		62A9DBAF2F69D6DB00A413DC /* PBXTargetDependency */ = {
			isa = PBXTargetDependency;
			target = 62A9DB932F69D6DB00A413DC /* SizzleScript */;
			targetProxy = 62A9DBAE2F69D6DB00A413DC /* PBXContainerItemProxy */;
		};
/* End PBXTargetDependency section */

/* Begin XCBuildConfiguration section */
		62A9DBB52F69D6DB00A413DC /* Debug */ = {
			isa = XCBuildConfiguration;
			buildSettings = {
				ALWAYS_SEARCH_USER_PATHS = NO;
				ASSETCATALOG_COMPILER_GENERATE_SWIFT_ASSET_SYMBOL_EXTENSIONS = YES;
				CLANG_ANALYZER_NONNULL = YES;
				CLANG_ANALYZER_NUMBER_OBJECT_CONVERSION = YES_AGGRESSIVE;
				CLANG_CXX_LANGUAGE_STANDARD = "gnu++20";
				CLANG_ENABLE_MODULES = YES;
				CLANG_ENABLE_OBJC_ARC = YES;
				CLANG_ENABLE_OBJC_WEAK = YES;
				CLANG_WARN_BLOCK_CAPTURE_AUTORELEASING = YES;
				CLANG_WARN_BOOL_CONVERSION = YES;
				CLANG_WARN_COMMA = YES;
				CLANG_WARN_CONSTANT_CONVERSION = YES;
				CLANG_WARN_DEPRECATED_OBJC_IMPLEMENTATIONS = YES;
				CLANG_WARN_DIRECT_OBJC_ISA_USAGE = YES_ERROR;
				CLANG_WARN_DOCUMENTATION_COMMENTS = YES;
				CLANG_WARN_EMPTY_BODY = YES;
				CLANG_WARN_ENUM_CONVERSION = YES;
				CLANG_WARN_INFINITE_RECURSION = YES;
				CLANG_WARN_INT_CONVERSION = YES;
				CLANG_WARN_NON_LITERAL_NULL_CONVERSION = YES;
				CLANG_WARN_OBJC_IMPLICIT_RETAIN_SELF = YES;
				CLANG_WARN_OBJC_LITERAL_CONVERSION = YES;
				CLANG_WARN_OBJC_ROOT_CLASS = YES_ERROR;
				CLANG_WARN_QUOTED_INCLUDE_IN_FRAMEWORK_HEADER = YES;
				CLANG_WARN_RANGE_LOOP_ANALYSIS = YES;
				CLANG_WARN_STRICT_PROTOTYPES = YES;
				CLANG_WARN_SUSPICIOUS_MOVE = YES;
				CLANG_WARN_UNGUARDED_AVAILABILITY = YES_AGGRESSIVE;
				CLANG_WARN_UNREACHABLE_CODE = YES;
				CLANG_WARN__DUPLICATE_METHOD_MATCH = YES;
				COPY_PHASE_STRIP = NO;
				DEBUG_INFORMATION_FORMAT = dwarf;
				DEVELOPMENT_TEAM = PHXDU3J7JJ;
				ENABLE_STRICT_OBJC_MSGSEND = YES;
				ENABLE_TESTABILITY = YES;
				ENABLE_USER_SCRIPT_SANDBOXING = YES;
				GCC_C_LANGUAGE_STANDARD = gnu17;
				GCC_DYNAMIC_NO_PIC = NO;
				GCC_NO_COMMON_BLOCKS = YES;
				GCC_OPTIMIZATION_LEVEL = 0;
				GCC_PREPROCESSOR_DEFINITIONS = (
					"DEBUG=1",
					"$(inherited)",
				);
				GCC_WARN_64_TO_32_BIT_CONVERSION = YES;
				GCC_WARN_ABOUT_RETURN_TYPE = YES_ERROR;
				GCC_WARN_UNDECLARED_SELECTOR = YES;
				GCC_WARN_UNINITIALIZED_AUTOS = YES_AGGRESSIVE;
				GCC_WARN_UNUSED_FUNCTION = YES;
				GCC_WARN_UNUSED_VARIABLE = YES;
				IPHONEOS_DEPLOYMENT_TARGET = 26.2;
				LOCALIZATION_PREFERS_STRING_CATALOGS = YES;
				MTL_ENABLE_DEBUG_INFO = INCLUDE_SOURCE;
				MTL_FAST_MATH = YES;
				ONLY_ACTIVE_ARCH = YES;
				SDKROOT = iphoneos;
				SWIFT_ACTIVE_COMPILATION_CONDITIONS = "DEBUG $(inherited)";
				SWIFT_OPTIMIZATION_LEVEL = "-Onone";
			};
			name = Debug;
		};
		62A9DBB62F69D6DB00A413DC /* Release */ = {
			isa = XCBuildConfiguration;
			buildSettings = {
				ALWAYS_SEARCH_USER_PATHS = NO;
				ASSETCATALOG_COMPILER_GENERATE_SWIFT_ASSET_SYMBOL_EXTENSIONS = YES;
				CLANG_ANALYZER_NONNULL = YES;
				CLANG_ANALYZER_NUMBER_OBJECT_CONVERSION = YES_AGGRESSIVE;
				CLANG_CXX_LANGUAGE_STANDARD = "gnu++20";
				CLANG_ENABLE_MODULES = YES;
				CLANG_ENABLE_OBJC_ARC = YES;
				CLANG_ENABLE_OBJC_WEAK = YES;
				CLANG_WARN_BLOCK_CAPTURE_AUTORELEASING = YES;
				CLANG_WARN_BOOL_CONVERSION = YES;
				CLANG_WARN_COMMA = YES;
				CLANG_WARN_CONSTANT_CONVERSION = YES;
				CLANG_WARN_DEPRECATED_OBJC_IMPLEMENTATIONS = YES;
				CLANG_WARN_DIRECT_OBJC_ISA_USAGE = YES_ERROR;
				CLANG_WARN_DOCUMENTATION_COMMENTS = YES;
				CLANG_WARN_EMPTY_BODY = YES;
				CLANG_WARN_ENUM_CONVERSION = YES;
				CLANG_WARN_INFINITE_RECURSION = YES;
				CLANG_WARN_INT_CONVERSION = YES;
				CLANG_WARN_NON_LITERAL_NULL_CONVERSION = YES;
				CLANG_WARN_OBJC_IMPLICIT_RETAIN_SELF = YES;
				CLANG_WARN_OBJC_LITERAL_CONVERSION = YES;
				CLANG_WARN_OBJC_ROOT_CLASS = YES_ERROR;
				CLANG_WARN_QUOTED_INCLUDE_IN_FRAMEWORK_HEADER = YES;
				CLANG_WARN_RANGE_LOOP_ANALYSIS = YES;
				CLANG_WARN_STRICT_PROTOTYPES = YES;
				CLANG_WARN_SUSPICIOUS_MOVE = YES;
				CLANG_WARN_UNGUARDED_AVAILABILITY = YES_AGGRESSIVE;
				CLANG_WARN_UNREACHABLE_CODE = YES;
				CLANG_WARN__DUPLICATE_METHOD_MATCH = YES;
				COPY_PHASE_STRIP = NO;
				DEBUG_INFORMATION_FORMAT = "dwarf-with-dsym";
				DEVELOPMENT_TEAM = PHXDU3J7JJ;
				ENABLE_NS_ASSERTIONS = NO;
				ENABLE_STRICT_OBJC_MSGSEND = YES;
				ENABLE_USER_SCRIPT_SANDBOXING = YES;
				GCC_C_LANGUAGE_STANDARD = gnu17;
				GCC_NO_COMMON_BLOCKS = YES;
				GCC_WARN_64_TO_32_BIT_CONVERSION = YES;
				GCC_WARN_ABOUT_RETURN_TYPE = YES_ERROR;
				GCC_WARN_UNDECLARED_SELECTOR = YES;
				GCC_WARN_UNINITIALIZED_AUTOS = YES_AGGRESSIVE;
				GCC_WARN_UNUSED_FUNCTION = YES;
				GCC_WARN_UNUSED_VARIABLE = YES;
				IPHONEOS_DEPLOYMENT_TARGET = 26.2;
				LOCALIZATION_PREFERS_STRING_CATALOGS = YES;
				MTL_ENABLE_DEBUG_INFO = NO;
				MTL_FAST_MATH = YES;
				SDKROOT = iphoneos;
				SWIFT_COMPILATION_MODE = wholemodule;
				VALIDATE_PRODUCT = YES;
			};
			name = Release;
		};
		62A9DBB82F69D6DB00A413DC /* Debug */ = {
			isa = XCBuildConfiguration;
			buildSettings = {
				ASSETCATALOG_COMPILER_APPICON_NAME = AppIcon;
				ASSETCATALOG_COMPILER_GLOBAL_ACCENT_COLOR_NAME = AccentColor;
				CODE_SIGN_STYLE = Automatic;
				CURRENT_PROJECT_VERSION = 1;
				DEVELOPMENT_TEAM = PHXDU3J7JJ;
				ENABLE_PREVIEWS = YES;
				GENERATE_INFOPLIST_FILE = YES;
				INFOPLIST_KEY_UIApplicationSceneManifest_Generation = YES;
				INFOPLIST_KEY_UIApplicationSupportsIndirectInputEvents = YES;
				INFOPLIST_KEY_UILaunchScreen_Generation = YES;
				INFOPLIST_KEY_UISupportedInterfaceOrientations_iPad = "UIInterfaceOrientationPortrait UIInterfaceOrientationPortraitUpsideDown UIInterfaceOrientationLandscapeLeft UIInterfaceOrientationLandscapeRight";
				INFOPLIST_KEY_UISupportedInterfaceOrientations_iPhone = "UIInterfaceOrientationPortrait UIInterfaceOrientationLandscapeLeft UIInterfaceOrientationLandscapeRight";
				LD_RUNPATH_SEARCH_PATHS = (
					"$(inherited)",
					"@executable_path/Frameworks",
				);
				MARKETING_VERSION = 1.0;
				PRODUCT_BUNDLE_IDENTIFIER = com.aadisss.SizzleScript;
				PRODUCT_NAME = "$(TARGET_NAME)";
				STRING_CATALOG_GENERATE_SYMBOLS = YES;
				SWIFT_APPROACHABLE_CONCURRENCY = YES;
				SWIFT_DEFAULT_ACTOR_ISOLATION = MainActor;
				SWIFT_EMIT_LOC_STRINGS = YES;
				SWIFT_UPCOMING_FEATURE_MEMBER_IMPORT_VISIBILITY = YES;
				SWIFT_VERSION = 5.0;
				TARGETED_DEVICE_FAMILY = "1,2";
			};
			name = Debug;
		};
		62A9DBB92F69D6DB00A413DC /* Release */ = {
			isa = XCBuildConfiguration;
			buildSettings = {
				ASSETCATALOG_COMPILER_APPICON_NAME = AppIcon;
				ASSETCATALOG_COMPILER_GLOBAL_ACCENT_COLOR_NAME = AccentColor;
				CODE_SIGN_STYLE = Automatic;
				CURRENT_PROJECT_VERSION = 1;
				DEVELOPMENT_TEAM = PHXDU3J7JJ;
				ENABLE_PREVIEWS = YES;
				GENERATE_INFOPLIST_FILE = YES;
				INFOPLIST_KEY_UIApplicationSceneManifest_Generation = YES;
				INFOPLIST_KEY_UIApplicationSupportsIndirectInputEvents = YES;
				INFOPLIST_KEY_UILaunchScreen_Generation = YES;
				INFOPLIST_KEY_UISupportedInterfaceOrientations_iPad = "UIInterfaceOrientationPortrait UIInterfaceOrientationPortraitUpsideDown UIInterfaceOrientationLandscapeLeft UIInterfaceOrientationLandscapeRight";
				INFOPLIST_KEY_UISupportedInterfaceOrientations_iPhone = "UIInterfaceOrientationPortrait UIInterfaceOrientationLandscapeLeft UIInterfaceOrientationLandscapeRight";
				LD_RUNPATH_SEARCH_PATHS = (
					"$(inherited)",
					"@executable_path/Frameworks",
				);
				MARKETING_VERSION = 1.0;
				PRODUCT_BUNDLE_IDENTIFIER = com.aadisss.SizzleScript;
				PRODUCT_NAME = "$(TARGET_NAME)";
				STRING_CATALOG_GENERATE_SYMBOLS = YES;
				SWIFT_APPROACHABLE_CONCURRENCY = YES;
				SWIFT_DEFAULT_ACTOR_ISOLATION = MainActor;
				SWIFT_EMIT_LOC_STRINGS = YES;
				SWIFT_UPCOMING_FEATURE_MEMBER_IMPORT_VISIBILITY = YES;
				SWIFT_VERSION = 5.0;
				TARGETED_DEVICE_FAMILY = "1,2";
			};
			name = Release;
		};
		62A9DBBB2F69D6DB00A413DC /* Debug */ = {
			isa = XCBuildConfiguration;
			buildSettings = {
				BUNDLE_LOADER = "$(TEST_HOST)";
				CODE_SIGN_STYLE = Automatic;
				CURRENT_PROJECT_VERSION = 1;
				DEVELOPMENT_TEAM = PHXDU3J7JJ;
				GENERATE_INFOPLIST_FILE = YES;
				IPHONEOS_DEPLOYMENT_TARGET = 26.2;
				MARKETING_VERSION = 1.0;
				PRODUCT_BUNDLE_IDENTIFIER = com.aadisss.SizzleScriptTests;
				PRODUCT_NAME = "$(TARGET_NAME)";
				STRING_CATALOG_GENERATE_SYMBOLS = NO;
				SWIFT_APPROACHABLE_CONCURRENCY = YES;
				SWIFT_EMIT_LOC_STRINGS = NO;
				SWIFT_UPCOMING_FEATURE_MEMBER_IMPORT_VISIBILITY = YES;
				SWIFT_VERSION = 5.0;
				TARGETED_DEVICE_FAMILY = "1,2";
				TEST_HOST = "$(BUILT_PRODUCTS_DIR)/SizzleScript.app/$(BUNDLE_EXECUTABLE_FOLDER_PATH)/SizzleScript";
			};
			name = Debug;
		};
		62A9DBBC2F69D6DB00A413DC /* Release */ = {
			isa = XCBuildConfiguration;
			buildSettings = {
				BUNDLE_LOADER = "$(TEST_HOST)";
				CODE_SIGN_STYLE = Automatic;
				CURRENT_PROJECT_VERSION = 1;
				DEVELOPMENT_TEAM = PHXDU3J7JJ;
				GENERATE_INFOPLIST_FILE = YES;
				IPHONEOS_DEPLOYMENT_TARGET = 26.2;
				MARKETING_VERSION = 1.0;
				PRODUCT_BUNDLE_IDENTIFIER = com.aadisss.SizzleScriptTests;
				PRODUCT_NAME = "$(TARGET_NAME)";
				STRING_CATALOG_GENERATE_SYMBOLS = NO;
				SWIFT_APPROACHABLE_CONCURRENCY = YES;
				SWIFT_EMIT_LOC_STRINGS = NO;
				SWIFT_UPCOMING_FEATURE_MEMBER_IMPORT_VISIBILITY = YES;
				SWIFT_VERSION = 5.0;
				TARGETED_DEVICE_FAMILY = "1,2";
				TEST_HOST = "$(BUILT_PRODUCTS_DIR)/SizzleScript.app/$(BUNDLE_EXECUTABLE_FOLDER_PATH)/SizzleScript";
			};
			name = Release;
		};
		62A9DBBE2F69D6DB00A413DC /* Debug */ = {
			isa = XCBuildConfiguration;
			buildSettings = {
				CODE_SIGN_STYLE = Automatic;
				CURRENT_PROJECT_VERSION = 1;
				DEVELOPMENT_TEAM = PHXDU3J7JJ;
				GENERATE_INFOPLIST_FILE = YES;
				MARKETING_VERSION = 1.0;
				PRODUCT_BUNDLE_IDENTIFIER = com.aadisss.SizzleScriptUITests;
				PRODUCT_NAME = "$(TARGET_NAME)";
				STRING_CATALOG_GENERATE_SYMBOLS = NO;
				SWIFT_APPROACHABLE_CONCURRENCY = YES;
				SWIFT_EMIT_LOC_STRINGS = NO;
				SWIFT_UPCOMING_FEATURE_MEMBER_IMPORT_VISIBILITY = YES;
				SWIFT_VERSION = 5.0;
				TARGETED_DEVICE_FAMILY = "1,2";
				TEST_TARGET_NAME = SizzleScript;
			};
			name = Debug;
		};
		62A9DBBF2F69D6DB00A413DC /* Release */ = {
			isa = XCBuildConfiguration;
			buildSettings = {
				CODE_SIGN_STYLE = Automatic;
				CURRENT_PROJECT_VERSION = 1;
				DEVELOPMENT_TEAM = PHXDU3J7JJ;
				GENERATE_INFOPLIST_FILE = YES;
				MARKETING_VERSION = 1.0;
				PRODUCT_BUNDLE_IDENTIFIER = com.aadisss.SizzleScriptUITests;
				PRODUCT_NAME = "$(TARGET_NAME)";
				STRING_CATALOG_GENERATE_SYMBOLS = NO;
				SWIFT_APPROACHABLE_CONCURRENCY = YES;
				SWIFT_EMIT_LOC_STRINGS = NO;
				SWIFT_UPCOMING_FEATURE_MEMBER_IMPORT_VISIBILITY = YES;
				SWIFT_VERSION = 5.0;
				TARGETED_DEVICE_FAMILY = "1,2";
				TEST_TARGET_NAME = SizzleScript;
			};
			name = Release;
		};
/* End XCBuildConfiguration section */

/* Begin XCConfigurationList section */
		62A9DB8F2F69D6DB00A413DC /* Build configuration list for PBXProject "SizzleScript" */ = {
			isa = XCConfigurationList;
			buildConfigurations = (
				62A9DBB52F69D6DB00A413DC /* Debug */,
				62A9DBB62F69D6DB00A413DC /* Release */,
			);
			defaultConfigurationIsVisible = 0;
			defaultConfigurationName = Release;
		};
		62A9DBB72F69D6DB00A413DC /* Build configuration list for PBXNativeTarget "SizzleScript" */ = {
			isa = XCConfigurationList;
			buildConfigurations = (
				62A9DBB82F69D6DB00A413DC /* Debug */,
				62A9DBB92F69D6DB00A413DC /* Release */,
			);
			defaultConfigurationIsVisible = 0;
			defaultConfigurationName = Release;
		};
		62A9DBBA2F69D6DB00A413DC /* Build configuration list for PBXNativeTarget "SizzleScriptTests" */ = {
			isa = XCConfigurationList;
			buildConfigurations = (
				62A9DBBB2F69D6DB00A413DC /* Debug */,
				62A9DBBC2F69D6DB00A413DC /* Release */,
			);
			defaultConfigurationIsVisible = 0;
			defaultConfigurationName = Release;
		};
		62A9DBBD2F69D6DB00A413DC /* Build configuration list for PBXNativeTarget "SizzleScriptUITests" */ = {
			isa = XCConfigurationList;
			buildConfigurations = (
				62A9DBBE2F69D6DB00A413DC /* Debug */,
				62A9DBBF2F69D6DB00A413DC /* Release */,
			);
			defaultConfigurationIsVisible = 0;
			defaultConfigurationName = Release;
		};
/* End XCConfigurationList section */
	};
	rootObject = 62A9DB8C2F69D6DB00A413DC /* Project object */;
}
